
Microsoft Visual Studio Solution File, Format Version 12.00
# Visual Studio 14
VisualStudioVersion = 14.0.24720.0
MinimumVisualStudioVersion = 10.0.40219.1
Project("{FAE04EC0-301F-11D3-BF4B-00C04F79EFBC}") = "MarvinEX", "MarvinEX\MarvinEX.csproj", "{75296EAD-5726-4C4E-AEF8-8A937B652924}"
EndProject
Project("{FAE04EC0-301F-11D3-BF4B-00C04F79EFBC}") = "MarvinEXTests", "MarvinEXTests\MarvinEXTests.csproj", "{596CD663-D4B2-400D-9C10-0B213A449D9B}"
EndProject
Global
	GlobalSection(SolutionConfigurationPlatforms) = preSolution
		Debug|Any CPU = Debug|Any CPU
		Release|Any CPU = Release|Any CPU
	EndGlobalSection
	GlobalSection(ProjectConfigurationPlatforms) = postSolution
		{75296EAD-5726-4C4E-AEF8-8A937B652924}.Debug|Any CPU.ActiveCfg = Debug|Any CPU
		{75296EAD-5726-4C4E-AEF8-8A937B652924}.Debug|Any CPU.Build.0 = Debug|Any CPU
		{75296EAD-5726-4C4E-AEF8-8A937B652924}.Release|Any CPU.ActiveCfg = Release|Any CPU
		{75296EAD-5726-4C4E-AEF8-8A937B652924}.Release|Any CPU.Build.0 = Release|Any CPU
		{596CD663-D4B2-400D-9C10-0B213A449D9B}.Debug|Any CPU.ActiveCfg = Debug|Any CPU
		{596CD663-D4B2-400D-9C10-0B213A449D9B}.Debug|Any CPU.Build.0 = Debug|Any CPU
		{596CD663-D4B2-400D-9C10-0B213A449D9B}.Release|Any CPU.ActiveCfg = Release|Any CPU
		{596CD663-D4B2-400D-9C10-0B213A449D9B}.Release|Any CPU.Build.0 = Release|Any CPU
	EndGlobalSection
	GlobalSection(SolutionProperties) = preSolution
		HideSolutionNode = FALSE
	EndGlobalSection
EndGlobal
